
Microsoft Visual Studio Solution File, Format Version 12.00
# Visual Studio Version 17
VisualStudioVersion = 17.5.002.0
MinimumVisualStudioVersion = 10.0.40219.1
Project("{9A19103F-16F7-4668-BE54-9A1E7A4F7556}") = "BlazorBase", "BlazorBase.csproj", "{41E39490-78FC-4E53-B632-D96A59FCC408}"
EndProject
Global
	GlobalSection(SolutionConfigurationPlatforms) = preSolution
		Debug|Any CPU = Debug|Any CPU
		Release|Any CPU = Release|Any CPU
	EndGlobalSection
	GlobalSection(ProjectConfigurationPlatforms) = postSolution
		{41E39490-78FC-4E53-B632-D96A59FCC408}.Debug|Any CPU.ActiveCfg = Debug|Any CPU
		{41E39490-78FC-4E53-B632-D96A59FCC408}.Debug|Any CPU.Build.0 = Debug|Any CPU
		{41E39490-78FC-4E53-B632-D96A59FCC408}.Release|Any CPU.ActiveCfg = Release|Any CPU
		{41E39490-78FC-4E53-B632-D96A59FCC408}.Release|Any CPU.Build.0 = Release|Any CPU
	EndGlobalSection
	GlobalSection(SolutionProperties) = preSolution
		HideSolutionNode = FALSE
	EndGlobalSection
	GlobalSection(ExtensibilityGlobals) = postSolution
		SolutionGuid = {6E0908CD-3E47-40AB-9FE7-E442F2321E50}
	EndGlobalSection
EndGlobal
