
Microsoft Visual Studio Solution File, Format Version 12.00
# Visual Studio Version 17
VisualStudioVersion = 17.5.002.0
MinimumVisualStudioVersion = 10.0.40219.1
Project("{9A19103F-16F7-4668-BE54-9A1E7A4F7556}") = "StudentManagement", "StudentManagement\StudentManagement.csproj", "{0A18B9C8-542F-4CF3-A609-A48EB8120E23}"
EndProject
Project("{FAE04EC0-301F-11D3-BF4B-00C04F79EFBC}") = "ProductManagement", "ProductManagement\ProductManagement.csproj", "{473C2911-6A08-4356-BB17-2F87A1B9583A}"
EndProject
Global
	GlobalSection(SolutionConfigurationPlatforms) = preSolution
		Debug|Any CPU = Debug|Any CPU
		Release|Any CPU = Release|Any CPU
	EndGlobalSection
	GlobalSection(ProjectConfigurationPlatforms) = postSolution
		{0A18B9C8-542F-4CF3-A609-A48EB8120E23}.Debug|Any CPU.ActiveCfg = Debug|Any CPU
		{0A18B9C8-542F-4CF3-A609-A48EB8120E23}.Debug|Any CPU.Build.0 = Debug|Any CPU
		{0A18B9C8-542F-4CF3-A609-A48EB8120E23}.Release|Any CPU.ActiveCfg = Release|Any CPU
		{0A18B9C8-542F-4CF3-A609-A48EB8120E23}.Release|Any CPU.Build.0 = Release|Any CPU
		{473C2911-6A08-4356-BB17-2F87A1B9583A}.Debug|Any CPU.ActiveCfg = Debug|Any CPU
		{473C2911-6A08-4356-BB17-2F87A1B9583A}.Debug|Any CPU.Build.0 = Debug|Any CPU
		{473C2911-6A08-4356-BB17-2F87A1B9583A}.Release|Any CPU.ActiveCfg = Release|Any CPU
		{473C2911-6A08-4356-BB17-2F87A1B9583A}.Release|Any CPU.Build.0 = Release|Any CPU
	EndGlobalSection
	GlobalSection(SolutionProperties) = preSolution
		HideSolutionNode = FALSE
	EndGlobalSection
	GlobalSection(ExtensibilityGlobals) = postSolution
		SolutionGuid = {5A557DFD-7907-40C8-97C2-5916BBF64844}
	EndGlobalSection
EndGlobal
