Microsoft Visual Studio Solution File, Format Version 12.00
# Visual Studio Version 17
VisualStudioVersion = 17.5.2.0
MinimumVisualStudioVersion = 10.0.40219.1
Project("{FAE04EC0-301F-11D3-BF4B-00C04F79EFBC}") = "dotnet03_web_blazor", "dotnet03_web_blazor\dotnet03_web_blazor.csproj", "{6CE802B9-237D-9101-5145-C77DD6B5E214}"
EndProject
Global
	GlobalSection(SolutionConfigurationPlatforms) = preSolution
		Debug|Any CPU = Debug|Any CPU
		Release|Any CPU = Release|Any CPU
	EndGlobalSection
	GlobalSection(ProjectConfigurationPlatforms) = postSolution
		{6CE802B9-237D-9101-5145-C77DD6B5E214}.Debug|Any CPU.ActiveCfg = Debug|Any CPU
		{6CE802B9-237D-9101-5145-C77DD6B5E214}.Debug|Any CPU.Build.0 = Debug|Any CPU
		{6CE802B9-237D-9101-5145-C77DD6B5E214}.Release|Any CPU.ActiveCfg = Release|Any CPU
		{6CE802B9-237D-9101-5145-C77DD6B5E214}.Release|Any CPU.Build.0 = Release|Any CPU
	EndGlobalSection
	GlobalSection(SolutionProperties) = preSolution
		HideSolutionNode = FALSE
	EndGlobalSection
	GlobalSection(ExtensibilityGlobals) = postSolution
		SolutionGuid = {5C0638E1-7353-45E9-86A7-8CB7FF5F47F6}
	EndGlobalSection
EndGlobal
