Microsoft Visual Studio Solution File, Format Version 12.00
# Visual Studio Version 17
VisualStudioVersion = 17.5.2.0
MinimumVisualStudioVersion = 10.0.40219.1
Project("{2150E333-8FDC-42A3-9474-1A3956D46DE8}") = "LyThuyet", "LyThuyet", "{639D897E-099F-38F2-4816-41D5E9D41C11}"
EndProject
Project("{FAE04EC0-301F-11D3-BF4B-00C04F79EFBC}") = "Kethua", "LyThuyet\Kethua\Kethua.csproj", "{125ABE46-5FD9-5B79-1BED-C12D698705A2}"
EndProject
Global
	GlobalSection(SolutionConfigurationPlatforms) = preSolution
		Debug|Any CPU = Debug|Any CPU
		Release|Any CPU = Release|Any CPU
	EndGlobalSection
	GlobalSection(ProjectConfigurationPlatforms) = postSolution
		{125ABE46-5FD9-5B79-1BED-C12D698705A2}.Debug|Any CPU.ActiveCfg = Debug|Any CPU
		{125ABE46-5FD9-5B79-1BED-C12D698705A2}.Debug|Any CPU.Build.0 = Debug|Any CPU
		{125ABE46-5FD9-5B79-1BED-C12D698705A2}.Release|Any CPU.ActiveCfg = Release|Any CPU
		{125ABE46-5FD9-5B79-1BED-C12D698705A2}.Release|Any CPU.Build.0 = Release|Any CPU
	EndGlobalSection
	GlobalSection(SolutionProperties) = preSolution
		HideSolutionNode = FALSE
	EndGlobalSection
	GlobalSection(NestedProjects) = preSolution
		{125ABE46-5FD9-5B79-1BED-C12D698705A2} = {639D897E-099F-38F2-4816-41D5E9D41C11}
	EndGlobalSection
	GlobalSection(ExtensibilityGlobals) = postSolution
		SolutionGuid = {648BAA7A-ED33-4CD1-A88B-1597F4A65112}
	EndGlobalSection
EndGlobal
